
Microsoft Visual Studio Solution File, Format Version 12.00
# Visual Studio 2012
Project("{FAE04EC0-301F-11D3-BF4B-00C04F79EFBC}") = "Analyzer", "Analyzer\Analyzer.csproj", "{5E0DFDBC-DD12-4865-BDEC-CC11C45ACC16}"
EndProject
Project("{FAE04EC0-301F-11D3-BF4B-00C04F79EFBC}") = "AnalyzerLibrary", "AnalyzerLibrary\AnalyzerLibrary.csproj", "{8565AC62-6280-4C20-A6B9-194BEAE4FA74}"
EndProject
Project("{FAE04EC0-301F-11D3-BF4B-00C04F79EFBC}") = "ConsoleCommandLibrary", "ConsoleCommandLibrary\ConsoleCommandLibrary.csproj", "{4088743B-F7E3-44BF-A018-F8C16D890D73}"
EndProject
Project("{FAE04EC0-301F-11D3-BF4B-00C04F79EFBC}") = "Generator", "Generator\Generator.csproj", "{C4740200-BA3A-499D-B032-634F2140DC93}"
EndProject
Project("{FAE04EC0-301F-11D3-BF4B-00C04F79EFBC}") = "GeneratorLibrary", "GeneratorLibrary\GeneratorLibrary.csproj", "{32B0167D-E46A-4944-B249-7B0EB65EC993}"
EndProject
Project("{2150E333-8FDC-42A3-9474-1A3956D46DE8}") = "Files", "Files", "{CB3765BA-53AF-45EB-9AD9-BCDAC8E5729B}"
	ProjectSection(SolutionItems) = preProject
		Config.yaml = Config.yaml
		Logs.log = Logs.log
		ResultAnalyzing.txt = ResultAnalyzing.txt
	EndProjectSection
EndProject
Project("{FAE04EC0-301F-11D3-BF4B-00C04F79EFBC}") = "AnalyzerForm", "AnalyzerForm\AnalyzerForm.csproj", "{052D048B-9939-4B30-A10F-A8E57ADFCFD9}"
EndProject
Global
	GlobalSection(SolutionConfigurationPlatforms) = preSolution
		Debug|Any CPU = Debug|Any CPU
		Release|Any CPU = Release|Any CPU
	EndGlobalSection
	GlobalSection(ProjectConfigurationPlatforms) = postSolution
		{5E0DFDBC-DD12-4865-BDEC-CC11C45ACC16}.Debug|Any CPU.ActiveCfg = Debug|Any CPU
		{5E0DFDBC-DD12-4865-BDEC-CC11C45ACC16}.Debug|Any CPU.Build.0 = Debug|Any CPU
		{5E0DFDBC-DD12-4865-BDEC-CC11C45ACC16}.Release|Any CPU.ActiveCfg = Release|Any CPU
		{5E0DFDBC-DD12-4865-BDEC-CC11C45ACC16}.Release|Any CPU.Build.0 = Release|Any CPU
		{8565AC62-6280-4C20-A6B9-194BEAE4FA74}.Debug|Any CPU.ActiveCfg = Debug|Any CPU
		{8565AC62-6280-4C20-A6B9-194BEAE4FA74}.Debug|Any CPU.Build.0 = Debug|Any CPU
		{8565AC62-6280-4C20-A6B9-194BEAE4FA74}.Release|Any CPU.ActiveCfg = Release|Any CPU
		{8565AC62-6280-4C20-A6B9-194BEAE4FA74}.Release|Any CPU.Build.0 = Release|Any CPU
		{4088743B-F7E3-44BF-A018-F8C16D890D73}.Debug|Any CPU.ActiveCfg = Debug|Any CPU
		{4088743B-F7E3-44BF-A018-F8C16D890D73}.Debug|Any CPU.Build.0 = Debug|Any CPU
		{4088743B-F7E3-44BF-A018-F8C16D890D73}.Release|Any CPU.ActiveCfg = Release|Any CPU
		{4088743B-F7E3-44BF-A018-F8C16D890D73}.Release|Any CPU.Build.0 = Release|Any CPU
		{C4740200-BA3A-499D-B032-634F2140DC93}.Debug|Any CPU.ActiveCfg = Debug|Any CPU
		{C4740200-BA3A-499D-B032-634F2140DC93}.Debug|Any CPU.Build.0 = Debug|Any CPU
		{C4740200-BA3A-499D-B032-634F2140DC93}.Release|Any CPU.ActiveCfg = Release|Any CPU
		{C4740200-BA3A-499D-B032-634F2140DC93}.Release|Any CPU.Build.0 = Release|Any CPU
		{32B0167D-E46A-4944-B249-7B0EB65EC993}.Debug|Any CPU.ActiveCfg = Debug|Any CPU
		{32B0167D-E46A-4944-B249-7B0EB65EC993}.Debug|Any CPU.Build.0 = Debug|Any CPU
		{32B0167D-E46A-4944-B249-7B0EB65EC993}.Release|Any CPU.ActiveCfg = Release|Any CPU
		{32B0167D-E46A-4944-B249-7B0EB65EC993}.Release|Any CPU.Build.0 = Release|Any CPU
		{052D048B-9939-4B30-A10F-A8E57ADFCFD9}.Debug|Any CPU.ActiveCfg = Debug|Any CPU
		{052D048B-9939-4B30-A10F-A8E57ADFCFD9}.Debug|Any CPU.Build.0 = Debug|Any CPU
		{052D048B-9939-4B30-A10F-A8E57ADFCFD9}.Release|Any CPU.ActiveCfg = Release|Any CPU
		{052D048B-9939-4B30-A10F-A8E57ADFCFD9}.Release|Any CPU.Build.0 = Release|Any CPU
	EndGlobalSection
	GlobalSection(SolutionProperties) = preSolution
		HideSolutionNode = FALSE
	EndGlobalSection
EndGlobal
